
Microsoft Visual Studio Solution File, Format Version 12.00
Project("{FAE04EC0-301F-11D3-BF4B-00C04F79EFBC}") = "PostgreSqlDataWriter", "PostgreSqlDataWriter\PostgreSqlDataWriter.csproj", "{48980046-5CF1-401F-9913-FA8E541E9E7C}"
EndProject
Project("{FAE04EC0-301F-11D3-BF4B-00C04F79EFBC}") = "PostgreSqlDataAccess", "PostgreSqlDataAccess\PostgreSqlDataAccess.csproj", "{F744F69B-D017-4277-A7DC-B0E183DD4BA7}"
EndProject
Global
	GlobalSection(SolutionConfigurationPlatforms) = preSolution
		Debug|Any CPU = Debug|Any CPU
		Release|Any CPU = Release|Any CPU
	EndGlobalSection
	GlobalSection(ProjectConfigurationPlatforms) = postSolution
		{48980046-5CF1-401F-9913-FA8E541E9E7C}.Debug|Any CPU.ActiveCfg = Debug|Any CPU
		{48980046-5CF1-401F-9913-FA8E541E9E7C}.Debug|Any CPU.Build.0 = Debug|Any CPU
		{48980046-5CF1-401F-9913-FA8E541E9E7C}.Release|Any CPU.ActiveCfg = Release|Any CPU
		{48980046-5CF1-401F-9913-FA8E541E9E7C}.Release|Any CPU.Build.0 = Release|Any CPU
		{F744F69B-D017-4277-A7DC-B0E183DD4BA7}.Debug|Any CPU.ActiveCfg = Debug|Any CPU
		{F744F69B-D017-4277-A7DC-B0E183DD4BA7}.Debug|Any CPU.Build.0 = Debug|Any CPU
		{F744F69B-D017-4277-A7DC-B0E183DD4BA7}.Release|Any CPU.ActiveCfg = Release|Any CPU
		{F744F69B-D017-4277-A7DC-B0E183DD4BA7}.Release|Any CPU.Build.0 = Release|Any CPU
	EndGlobalSection
EndGlobal
